
Microsoft Visual Studio Solution File, Format Version 12.00
# Visual Studio Version 16
VisualStudioVersion = 16.0.31829.152
MinimumVisualStudioVersion = 10.0.40219.1
Project("{FAE04EC0-301F-11D3-BF4B-00C04F79EFBC}") = "SyntaxSugarExercise", "SyntaxSugarExercise\SyntaxSugarExercise.csproj", "{94AB434F-A91B-4D3A-B9AB-C4103D7E8CA7}"
EndProject
Global
	GlobalSection(SolutionConfigurationPlatforms) = preSolution
		Debug|Any CPU = Debug|Any CPU
		Release|Any CPU = Release|Any CPU
	EndGlobalSection
	GlobalSection(ProjectConfigurationPlatforms) = postSolution
		{94AB434F-A91B-4D3A-B9AB-C4103D7E8CA7}.Debug|Any CPU.ActiveCfg = Debug|Any CPU
		{94AB434F-A91B-4D3A-B9AB-C4103D7E8CA7}.Debug|Any CPU.Build.0 = Debug|Any CPU
		{94AB434F-A91B-4D3A-B9AB-C4103D7E8CA7}.Release|Any CPU.ActiveCfg = Release|Any CPU
		{94AB434F-A91B-4D3A-B9AB-C4103D7E8CA7}.Release|Any CPU.Build.0 = Release|Any CPU
	EndGlobalSection
	GlobalSection(SolutionProperties) = preSolution
		HideSolutionNode = FALSE
	EndGlobalSection
	GlobalSection(ExtensibilityGlobals) = postSolution
		SolutionGuid = {A31537B7-7650-4D5D-AEB4-71BAD38764CE}
	EndGlobalSection
EndGlobal
